// !$*UTF8*$!
{
	archiveVersion = 1;
	classes = {
	};
	objectVersion = 55;
	objects = {

/* Begin PBXBuildFile section */
		69053BA2283A106500EB3B58 /* Collections in Frameworks */ = {isa = PBXBuildFile; productRef = 69053BA1283A106500EB3B58 /* Collections */; };
		69053BA4283A106500EB3B58 /* DequeModule in Frameworks */ = {isa = PBXBuildFile; productRef = 69053BA3283A106500EB3B58 /* DequeModule */; };
		69053BA6283A106500EB3B58 /* OrderedCollections in Frameworks */ = {isa = PBXBuildFile; productRef = 69053BA5283A106500EB3B58 /* OrderedCollections */; };
		69053BC5283FCD4900EB3B58 /* main.swift in Sources */ = {isa = PBXBuildFile; fileRef = 69053BC4283FCD4900EB3B58 /* main.swift */; };
/* End PBXBuildFile section */

/* Begin PBXCopyFilesBuildPhase section */
		69053B8B2836974600EB3B58 /* CopyFiles */ = {
			isa = PBXCopyFilesBuildPhase;
			buildActionMask = 2147483647;
			dstPath = /usr/share/man/man1/;
			dstSubfolderSpec = 0;
			files = (
			);
			runOnlyForDeploymentPostprocessing = 1;
		};
/* End PBXCopyFilesBuildPhase section */

/* Begin PBXFileReference section */
		69053B8D2836974600EB3B58 /* AlgorithmPS */ = {isa = PBXFileReference; explicitFileType = "compiled.mach-o.executable"; includeInIndex = 0; path = AlgorithmPS; sourceTree = BUILT_PRODUCTS_DIR; };
		69053B902836974600EB3B58 /* Programmers92334.swift */ = {isa = PBXFileReference; lastKnownFileType = sourcecode.swift; path = Programmers92334.swift; sourceTree = "<group>"; };
		69053B98283749D900EB3B58 /* AlgorithmPS-Bridging-Header.h */ = {isa = PBXFileReference; lastKnownFileType = sourcecode.c.h; path = "AlgorithmPS-Bridging-Header.h"; sourceTree = "<group>"; };
		69053B99283749D900EB3B58 /* Programmers42578.swift */ = {isa = PBXFileReference; lastKnownFileType = sourcecode.swift; path = Programmers42578.swift; sourceTree = "<group>"; };
		69053B9B283764B200EB3B58 /* Programmers42586.swift */ = {isa = PBXFileReference; lastKnownFileType = sourcecode.swift; path = Programmers42586.swift; sourceTree = "<group>"; };
		69053B9E2839E0BF00EB3B58 /* Programmers42587.swift */ = {isa = PBXFileReference; lastKnownFileType = sourcecode.swift; path = Programmers42587.swift; sourceTree = "<group>"; };
		69053BA7283B490500EB3B58 /* BOJ1927.swift */ = {isa = PBXFileReference; lastKnownFileType = sourcecode.swift; path = BOJ1927.swift; sourceTree = "<group>"; };
		69053BAA283D099100EB3B58 /* BOJ11279.swift */ = {isa = PBXFileReference; lastKnownFileType = sourcecode.swift; path = BOJ11279.swift; sourceTree = "<group>"; };
		69053BAF283D38CD00EB3B58 /* BOJ2750_HeapSort.swift */ = {isa = PBXFileReference; lastKnownFileType = sourcecode.swift; path = BOJ2750_HeapSort.swift; sourceTree = "<group>"; };
		69053BB1283E3B1700EB3B58 /* BOJ2750_QuickSort.swift */ = {isa = PBXFileReference; lastKnownFileType = sourcecode.swift; path = BOJ2750_QuickSort.swift; sourceTree = SOURCE_ROOT; };
		69053BB4283E3B5300EB3B58 /* BOJ2750_MergeSort.swift */ = {isa = PBXFileReference; lastKnownFileType = sourcecode.swift; path = BOJ2750_MergeSort.swift; sourceTree = SOURCE_ROOT; };
		69053BB9283E5A4C00EB3B58 /* BOJ2751_QuickSort.swift */ = {isa = PBXFileReference; lastKnownFileType = sourcecode.swift; path = BOJ2751_QuickSort.swift; sourceTree = "<group>"; };
		69053BBB283E6FCE00EB3B58 /* BOJ2751_MergeSort.swift */ = {isa = PBXFileReference; lastKnownFileType = sourcecode.swift; path = BOJ2751_MergeSort.swift; sourceTree = "<group>"; };
		69053BBE283F3EBC00EB3B58 /* BOJ2751_HeapSort.swift */ = {isa = PBXFileReference; lastKnownFileType = sourcecode.swift; path = BOJ2751_HeapSort.swift; sourceTree = "<group>"; };
		69053BC0283F571B00EB3B58 /* BOJ11931_QuickSort.swift */ = {isa = PBXFileReference; lastKnownFileType = sourcecode.swift; path = BOJ11931_QuickSort.swift; sourceTree = "<group>"; };
		69053BC2283F6C0E00EB3B58 /* BOJ11931_MergeSort.swift */ = {isa = PBXFileReference; lastKnownFileType = sourcecode.swift; path = BOJ11931_MergeSort.swift; sourceTree = "<group>"; };
		69053BC4283FCD4900EB3B58 /* main.swift */ = {isa = PBXFileReference; lastKnownFileType = sourcecode.swift; path = main.swift; sourceTree = "<group>"; };
		6917946C28893DC200F0DE53 /* LeetCode463.swift */ = {isa = PBXFileReference; lastKnownFileType = sourcecode.swift; path = LeetCode463.swift; sourceTree = "<group>"; };
		6917946F288ABCDB00F0DE53 /* LeetCode257.swift */ = {isa = PBXFileReference; lastKnownFileType = sourcecode.swift; path = LeetCode257.swift; sourceTree = "<group>"; };
		69179470288BE04000F0DE53 /* BOJ11724.swift */ = {isa = PBXFileReference; lastKnownFileType = sourcecode.swift; path = BOJ11724.swift; sourceTree = "<group>"; };
		69179471288BEE0A00F0DE53 /* BOJ4963.swift */ = {isa = PBXFileReference; lastKnownFileType = sourcecode.swift; path = BOJ4963.swift; sourceTree = "<group>"; };
		69179472288D46D800F0DE53 /* BOJ14888.swift */ = {isa = PBXFileReference; lastKnownFileType = sourcecode.swift; path = BOJ14888.swift; sourceTree = "<group>"; };
		69179473288D8DA600F0DE53 /* BOJ15665.swift */ = {isa = PBXFileReference; lastKnownFileType = sourcecode.swift; path = BOJ15665.swift; sourceTree = "<group>"; };
		6923EBCD2876BB4F0089BA7A /* 큰 수의 법칙.swift */ = {isa = PBXFileReference; lastKnownFileType = sourcecode.swift; path = "큰 수의 법칙.swift"; sourceTree = "<group>"; };
		6923EBCF2876CB9C0089BA7A /* 숫자 카드 게임.swift */ = {isa = PBXFileReference; lastKnownFileType = sourcecode.swift; path = "숫자 카드 게임.swift"; sourceTree = "<group>"; };
		6923EBD1287A95CB0089BA7A /* 1이 될 때까지.swift */ = {isa = PBXFileReference; lastKnownFileType = sourcecode.swift; path = "1이 될 때까지.swift"; sourceTree = "<group>"; };
		6923EBD2287A97880089BA7A /* 시각.swift */ = {isa = PBXFileReference; lastKnownFileType = sourcecode.swift; path = "시각.swift"; sourceTree = "<group>"; };
		6923EBD3287A9ED90089BA7A /* 왕실의 나이트.swift */ = {isa = PBXFileReference; lastKnownFileType = sourcecode.swift; path = "왕실의 나이트.swift"; sourceTree = "<group>"; };
		6923EBD4287ACB060089BA7A /* 게임 개발.swift */ = {isa = PBXFileReference; lastKnownFileType = sourcecode.swift; path = "게임 개발.swift"; sourceTree = "<group>"; };
		6923EBD5287AFC5B0089BA7A /* BOJ1316.swift */ = {isa = PBXFileReference; lastKnownFileType = sourcecode.swift; path = BOJ1316.swift; sourceTree = "<group>"; };
		6923EBD6287C10160089BA7A /* BOJ2309.swift */ = {isa = PBXFileReference; lastKnownFileType = sourcecode.swift; path = BOJ2309.swift; sourceTree = "<group>"; };
		6923EBD7287C156F0089BA7A /* BOJ9095.swift */ = {isa = PBXFileReference; lastKnownFileType = sourcecode.swift; path = BOJ9095.swift; sourceTree = "<group>"; };
		6923EBF8287D2A400089BA7A /* BOJ1978.swift */ = {isa = PBXFileReference; lastKnownFileType = sourcecode.swift; path = BOJ1978.swift; sourceTree = "<group>"; };
		6923EBF9287D4ED60089BA7A /* BOJ14889.swift */ = {isa = PBXFileReference; lastKnownFileType = sourcecode.swift; path = BOJ14889.swift; sourceTree = "<group>"; };
		6923EC1A287EB7580089BA7A /* BOJ15655.swift */ = {isa = PBXFileReference; lastKnownFileType = sourcecode.swift; path = BOJ15655.swift; sourceTree = "<group>"; };
		6923EC1B288019E90089BA7A /* BOJ1748.swift */ = {isa = PBXFileReference; lastKnownFileType = sourcecode.swift; path = BOJ1748.swift; sourceTree = "<group>"; };
		6923EC1C2881B5A80089BA7A /* BOJ1966.swift */ = {isa = PBXFileReference; lastKnownFileType = sourcecode.swift; path = BOJ1966.swift; sourceTree = "<group>"; };
		6923EC1D28829D8B0089BA7A /* BOJ2740.swift */ = {isa = PBXFileReference; lastKnownFileType = sourcecode.swift; path = BOJ2740.swift; sourceTree = "<group>"; };
		6923EC1E2882AE6A0089BA7A /* LeetCode94.swift */ = {isa = PBXFileReference; lastKnownFileType = sourcecode.swift; path = LeetCode94.swift; sourceTree = "<group>"; };
		6923EC21288411860089BA7A /* LeetCode104.swift */ = {isa = PBXFileReference; lastKnownFileType = sourcecode.swift; path = LeetCode104.swift; sourceTree = "<group>"; };
		6923EC22288569610089BA7A /* LeetCode20.swift */ = {isa = PBXFileReference; lastKnownFileType = sourcecode.swift; path = LeetCode20.swift; sourceTree = "<group>"; };
		69330BC7284233B800E43CEE /* BOJ11931_HeapSort.swift */ = {isa = PBXFileReference; lastKnownFileType = sourcecode.swift; path = BOJ11931_HeapSort.swift; sourceTree = "<group>"; };
		69330BCA2842871F00E43CEE /* Programmers42839.swift */ = {isa = PBXFileReference; lastKnownFileType = sourcecode.swift; path = Programmers42839.swift; sourceTree = "<group>"; };
		69330BCF2843431000E43CEE /* BOJ2798.swift */ = {isa = PBXFileReference; lastKnownFileType = sourcecode.swift; path = BOJ2798.swift; sourceTree = "<group>"; };
		69330BD42843896100E43CEE /* BOJ1182.swift */ = {isa = PBXFileReference; lastKnownFileType = sourcecode.swift; path = BOJ1182.swift; sourceTree = "<group>"; };
		69330BD92844AC4C00E43CEE /* BOJ11399.swift */ = {isa = PBXFileReference; lastKnownFileType = sourcecode.swift; path = BOJ11399.swift; sourceTree = "<group>"; };
		69330BDD2844E45E00E43CEE /* BOJ15649.swift */ = {isa = PBXFileReference; lastKnownFileType = sourcecode.swift; path = BOJ15649.swift; sourceTree = "<group>"; };
		69330BDF28450DAF00E43CEE /* BOJ15650.swift */ = {isa = PBXFileReference; lastKnownFileType = sourcecode.swift; path = BOJ15650.swift; sourceTree = "<group>"; };
		69330BE22845138100E43CEE /* BOJ15651.swift */ = {isa = PBXFileReference; lastKnownFileType = sourcecode.swift; path = BOJ15651.swift; sourceTree = "<group>"; };
		69330BE52848EA5D00E43CEE /* LeetCode62_Recusion.swift */ = {isa = PBXFileReference; lastKnownFileType = sourcecode.swift; path = LeetCode62_Recusion.swift; sourceTree = "<group>"; };
		69330BE72848F1EA00E43CEE /* LeetCode62_DPonly.swift */ = {isa = PBXFileReference; lastKnownFileType = sourcecode.swift; path = LeetCode62_DPonly.swift; sourceTree = "<group>"; };
		69330BEA284907AC00E43CEE /* BOJ1149.swift */ = {isa = PBXFileReference; lastKnownFileType = sourcecode.swift; path = BOJ1149.swift; sourceTree = "<group>"; };
		69330BEC2849096300E43CEE /* BOJ11726.swift */ = {isa = PBXFileReference; lastKnownFileType = sourcecode.swift; path = BOJ11726.swift; sourceTree = "<group>"; };
		69330BF12849E9F000E43CEE /* Programmers43165.swift */ = {isa = PBXFileReference; lastKnownFileType = sourcecode.swift; path = Programmers43165.swift; sourceTree = "<group>"; };
		69330BF3284B015200E43CEE /* Programmers43162.swift */ = {isa = PBXFileReference; lastKnownFileType = sourcecode.swift; path = Programmers43162.swift; sourceTree = "<group>"; };
		69330BF5284BB54000E43CEE /* BOJ1260.swift */ = {isa = PBXFileReference; lastKnownFileType = sourcecode.swift; path = BOJ1260.swift; sourceTree = "<group>"; };
		69330C0F284DF62D00E43CEE /* BOJ2606.swift */ = {isa = PBXFileReference; lastKnownFileType = sourcecode.swift; path = BOJ2606.swift; sourceTree = "<group>"; };
		69330C11284DFEBC00E43CEE /* BOJ15652.swift */ = {isa = PBXFileReference; lastKnownFileType = sourcecode.swift; path = BOJ15652.swift; sourceTree = "<group>"; };
		69330C13284F64EF00E43CEE /* BOJ1260_2.swift */ = {isa = PBXFileReference; lastKnownFileType = sourcecode.swift; path = BOJ1260_2.swift; sourceTree = "<group>"; };
		69330C1528521B4A00E43CEE /* LeetCode658.swift */ = {isa = PBXFileReference; lastKnownFileType = sourcecode.swift; path = LeetCode658.swift; sourceTree = "<group>"; };
		69330C1728523CBE00E43CEE /* LeetCode240.swift */ = {isa = PBXFileReference; lastKnownFileType = sourcecode.swift; path = LeetCode240.swift; sourceTree = "<group>"; };
		69330C192852498700E43CEE /* BOJ2805.swift */ = {isa = PBXFileReference; lastKnownFileType = sourcecode.swift; path = BOJ2805.swift; sourceTree = "<group>"; };
		69330C2828557B7B00E43CEE /* Programmers49189.swift */ = {isa = PBXFileReference; lastKnownFileType = sourcecode.swift; path = Programmers49189.swift; sourceTree = "<group>"; };
		69330C2A28579D4600E43CEE /* Programmers92335.swift */ = {isa = PBXFileReference; lastKnownFileType = sourcecode.swift; path = Programmers92335.swift; sourceTree = "<group>"; };
		69330C2C2858BC3200E43CEE /* Programmers92341.swift */ = {isa = PBXFileReference; lastKnownFileType = sourcecode.swift; path = Programmers92341.swift; sourceTree = "<group>"; };
		69A18FB92862235600BB118E /* Programmers68645.swift */ = {isa = PBXFileReference; lastKnownFileType = sourcecode.swift; path = Programmers68645.swift; sourceTree = "<group>"; };
		69A18FBA2862243200BB118E /* Programmers70128.swift */ = {isa = PBXFileReference; lastKnownFileType = sourcecode.swift; path = Programmers70128.swift; sourceTree = "<group>"; };
		69A18FBB2862245400BB118E /* Programmers68935.swift */ = {isa = PBXFileReference; lastKnownFileType = sourcecode.swift; path = Programmers68935.swift; sourceTree = "<group>"; };
		69A18FBC2862247700BB118E /* Programmers68644.swift */ = {isa = PBXFileReference; lastKnownFileType = sourcecode.swift; path = Programmers68644.swift; sourceTree = "<group>"; };
		69A18FBD28630E7000BB118E /* Programmers68936.swift */ = {isa = PBXFileReference; lastKnownFileType = sourcecode.swift; path = Programmers68936.swift; sourceTree = "<group>"; };
		69A18FBE286329D300BB118E /* Programmers70129.swift */ = {isa = PBXFileReference; lastKnownFileType = sourcecode.swift; path = Programmers70129.swift; sourceTree = "<group>"; };
		69CFC1A6286C2E8700661E73 /* LeetCode13.swift */ = {isa = PBXFileReference; lastKnownFileType = sourcecode.swift; path = LeetCode13.swift; sourceTree = "<group>"; };
		69CFC1A7286C2EB900661E73 /* LeetCode1.swift */ = {isa = PBXFileReference; lastKnownFileType = sourcecode.swift; path = LeetCode1.swift; sourceTree = "<group>"; };
		69CFC1A8286C3DEE00661E73 /* LeetCode53.swift */ = {isa = PBXFileReference; lastKnownFileType = sourcecode.swift; path = LeetCode53.swift; sourceTree = "<group>"; };
		69CFC1A9286C61BE00661E73 /* LeetCode9.swift */ = {isa = PBXFileReference; lastKnownFileType = sourcecode.swift; path = LeetCode9.swift; sourceTree = "<group>"; };
		69CFC1AA286C73CC00661E73 /* Programmers81301.swift */ = {isa = PBXFileReference; lastKnownFileType = sourcecode.swift; path = Programmers81301.swift; sourceTree = "<group>"; };
		69CFC1AB286D705200661E73 /* Programmers64065.swift */ = {isa = PBXFileReference; lastKnownFileType = sourcecode.swift; path = Programmers64065.swift; sourceTree = "<group>"; };
		69CFC1AC286DAD5500661E73 /* Programmers17680.swift */ = {isa = PBXFileReference; lastKnownFileType = sourcecode.swift; path = Programmers17680.swift; sourceTree = "<group>"; };
		69CFC1AD286DE06300661E73 /* Programmers72410.swift */ = {isa = PBXFileReference; lastKnownFileType = sourcecode.swift; path = Programmers72410.swift; sourceTree = "<group>"; };
		69CFC1AE286DE9D400661E73 /* Programmers67256.swift */ = {isa = PBXFileReference; lastKnownFileType = sourcecode.swift; path = Programmers67256.swift; sourceTree = "<group>"; };
		69CFC1AF286EE23D00661E73 /* Programmers64601.swift */ = {isa = PBXFileReference; lastKnownFileType = sourcecode.swift; path = Programmers64601.swift; sourceTree = "<group>"; };
		69CFC1B0286F262800661E73 /* Programmers42889.swift */ = {isa = PBXFileReference; lastKnownFileType = sourcecode.swift; path = Programmers42889.swift; sourceTree = "<group>"; };
		69F99065285E111000EC20E0 /* Programmers87377.swift */ = {isa = PBXFileReference; lastKnownFileType = sourcecode.swift; path = Programmers87377.swift; sourceTree = "<group>"; };
		69F99066285F02CD00EC20E0 /* Programmers87946.swift */ = {isa = PBXFileReference; lastKnownFileType = sourcecode.swift; path = Programmers87946.swift; sourceTree = "<group>"; };
		69F99067285F0DAA00EC20E0 /* Programmers84512.swift */ = {isa = PBXFileReference; lastKnownFileType = sourcecode.swift; path = Programmers84512.swift; sourceTree = "<group>"; };
		69FB765E2859B4C0002351FD /* Programmers92342_unsol.swift */ = {isa = PBXFileReference; lastKnownFileType = sourcecode.swift; path = Programmers92342_unsol.swift; sourceTree = "<group>"; };
		69FB765F2859CDBB002351FD /* Programmers92342.swift */ = {isa = PBXFileReference; lastKnownFileType = sourcecode.swift; path = Programmers92342.swift; sourceTree = "<group>"; };
		69FB76602859F2D1002351FD /* BOJ10815.swift */ = {isa = PBXFileReference; lastKnownFileType = sourcecode.swift; path = BOJ10815.swift; sourceTree = "<group>"; };
/* End PBXFileReference section */

/* Begin PBXFrameworksBuildPhase section */
		69053B8A2836974600EB3B58 /* Frameworks */ = {
			isa = PBXFrameworksBuildPhase;
			buildActionMask = 2147483647;
			files = (
				69053BA2283A106500EB3B58 /* Collections in Frameworks */,
				69053BA4283A106500EB3B58 /* DequeModule in Frameworks */,
				69053BA6283A106500EB3B58 /* OrderedCollections in Frameworks */,
			);
			runOnlyForDeploymentPostprocessing = 0;
		};
/* End PBXFrameworksBuildPhase section */

/* Begin PBXGroup section */
		69053B842836974600EB3B58 = {
			isa = PBXGroup;
			children = (
				69053BC4283FCD4900EB3B58 /* main.swift */,
				69385A612876AE7D0030D241 /* 이코테 */,
				69330BE42848EA3C00E43CEE /* LeetCode */,
				69053BA9283C8B8700EB3B58 /* BOJ */,
				69053B8F2836974600EB3B58 /* Programmers */,
				69053B8E2836974600EB3B58 /* Products */,
				69053B98283749D900EB3B58 /* AlgorithmPS-Bridging-Header.h */,
			);
			sourceTree = "<group>";
		};
		69053B8E2836974600EB3B58 /* Products */ = {
			isa = PBXGroup;
			children = (
				69053B8D2836974600EB3B58 /* AlgorithmPS */,
			);
			name = Products;
			sourceTree = "<group>";
		};
		69053B8F2836974600EB3B58 /* Programmers */ = {
			isa = PBXGroup;
			children = (
				69053B99283749D900EB3B58 /* Programmers42578.swift */,
				69053B902836974600EB3B58 /* Programmers92334.swift */,
				69053B9B283764B200EB3B58 /* Programmers42586.swift */,
				69053B9E2839E0BF00EB3B58 /* Programmers42587.swift */,
				69330BCA2842871F00E43CEE /* Programmers42839.swift */,
				69330BF12849E9F000E43CEE /* Programmers43165.swift */,
				69330BF3284B015200E43CEE /* Programmers43162.swift */,
				69330C2828557B7B00E43CEE /* Programmers49189.swift */,
				69330C2A28579D4600E43CEE /* Programmers92335.swift */,
				69330C2C2858BC3200E43CEE /* Programmers92341.swift */,
				69FB765E2859B4C0002351FD /* Programmers92342_unsol.swift */,
				69FB765F2859CDBB002351FD /* Programmers92342.swift */,
				69F99065285E111000EC20E0 /* Programmers87377.swift */,
				69F99066285F02CD00EC20E0 /* Programmers87946.swift */,
				69F99067285F0DAA00EC20E0 /* Programmers84512.swift */,
				69A18FB92862235600BB118E /* Programmers68645.swift */,
				69A18FBA2862243200BB118E /* Programmers70128.swift */,
				69A18FBB2862245400BB118E /* Programmers68935.swift */,
				69A18FBC2862247700BB118E /* Programmers68644.swift */,
				69A18FBD28630E7000BB118E /* Programmers68936.swift */,
				69A18FBE286329D300BB118E /* Programmers70129.swift */,
				69CFC1AA286C73CC00661E73 /* Programmers81301.swift */,
				69CFC1AB286D705200661E73 /* Programmers64065.swift */,
				69CFC1AC286DAD5500661E73 /* Programmers17680.swift */,
				69CFC1AD286DE06300661E73 /* Programmers72410.swift */,
				69CFC1AE286DE9D400661E73 /* Programmers67256.swift */,
				69CFC1AF286EE23D00661E73 /* Programmers64601.swift */,
				69CFC1B0286F262800661E73 /* Programmers42889.swift */,
			);
			path = Programmers;
			sourceTree = "<group>";
		};
		69053BA9283C8B8700EB3B58 /* BOJ */ = {
			isa = PBXGroup;
			children = (
				69053BAF283D38CD00EB3B58 /* BOJ2750_HeapSort.swift */,
				69053BB4283E3B5300EB3B58 /* BOJ2750_MergeSort.swift */,
				69053BB1283E3B1700EB3B58 /* BOJ2750_QuickSort.swift */,
				69053BAA283D099100EB3B58 /* BOJ11279.swift */,
				69053BA7283B490500EB3B58 /* BOJ1927.swift */,
				69053BB9283E5A4C00EB3B58 /* BOJ2751_QuickSort.swift */,
				69053BBB283E6FCE00EB3B58 /* BOJ2751_MergeSort.swift */,
				69053BBE283F3EBC00EB3B58 /* BOJ2751_HeapSort.swift */,
				69053BC0283F571B00EB3B58 /* BOJ11931_QuickSort.swift */,
				69053BC2283F6C0E00EB3B58 /* BOJ11931_MergeSort.swift */,
				69330BC7284233B800E43CEE /* BOJ11931_HeapSort.swift */,
				69330BCF2843431000E43CEE /* BOJ2798.swift */,
				69330BD42843896100E43CEE /* BOJ1182.swift */,
				69330BD92844AC4C00E43CEE /* BOJ11399.swift */,
				69330BDD2844E45E00E43CEE /* BOJ15649.swift */,
				69330BDF28450DAF00E43CEE /* BOJ15650.swift */,
				69330BE22845138100E43CEE /* BOJ15651.swift */,
				69330BEA284907AC00E43CEE /* BOJ1149.swift */,
				69330BEC2849096300E43CEE /* BOJ11726.swift */,
				69330BF5284BB54000E43CEE /* BOJ1260.swift */,
				69330C0F284DF62D00E43CEE /* BOJ2606.swift */,
				69330C11284DFEBC00E43CEE /* BOJ15652.swift */,
				69330C13284F64EF00E43CEE /* BOJ1260_2.swift */,
				69330C192852498700E43CEE /* BOJ2805.swift */,
				69FB76602859F2D1002351FD /* BOJ10815.swift */,
				6923EBD5287AFC5B0089BA7A /* BOJ1316.swift */,
				6923EBD6287C10160089BA7A /* BOJ2309.swift */,
				6923EBD7287C156F0089BA7A /* BOJ9095.swift */,
				6923EBF8287D2A400089BA7A /* BOJ1978.swift */,
				6923EBF9287D4ED60089BA7A /* BOJ14889.swift */,
				6923EC1A287EB7580089BA7A /* BOJ15655.swift */,
				6923EC1B288019E90089BA7A /* BOJ1748.swift */,
				6923EC1C2881B5A80089BA7A /* BOJ1966.swift */,
				6923EC1D28829D8B0089BA7A /* BOJ2740.swift */,
				69179470288BE04000F0DE53 /* BOJ11724.swift */,
				69179471288BEE0A00F0DE53 /* BOJ4963.swift */,
				69179472288D46D800F0DE53 /* BOJ14888.swift */,
				69179473288D8DA600F0DE53 /* BOJ15665.swift */,
			);
			path = BOJ;
			sourceTree = "<group>";
		};
		69330BE42848EA3C00E43CEE /* LeetCode */ = {
			isa = PBXGroup;
			children = (
				69330BE52848EA5D00E43CEE /* LeetCode62_Recusion.swift */,
				69330BE72848F1EA00E43CEE /* LeetCode62_DPonly.swift */,
				69330C1528521B4A00E43CEE /* LeetCode658.swift */,
				69330C1728523CBE00E43CEE /* LeetCode240.swift */,
				69CFC1A6286C2E8700661E73 /* LeetCode13.swift */,
				69CFC1A7286C2EB900661E73 /* LeetCode1.swift */,
				69CFC1A8286C3DEE00661E73 /* LeetCode53.swift */,
				69CFC1A9286C61BE00661E73 /* LeetCode9.swift */,
				6923EC1E2882AE6A0089BA7A /* LeetCode94.swift */,
				6923EC21288411860089BA7A /* LeetCode104.swift */,
				6923EC22288569610089BA7A /* LeetCode20.swift */,
				6917946C28893DC200F0DE53 /* LeetCode463.swift */,
				6917946F288ABCDB00F0DE53 /* LeetCode257.swift */,
			);
			path = LeetCode;
			sourceTree = "<group>";
		};
		69385A612876AE7D0030D241 /* 이코테 */ = {
			isa = PBXGroup;
			children = (
				6923EBCD2876BB4F0089BA7A /* 큰 수의 법칙.swift */,
				6923EBCF2876CB9C0089BA7A /* 숫자 카드 게임.swift */,
				6923EBD1287A95CB0089BA7A /* 1이 될 때까지.swift */,
				6923EBD2287A97880089BA7A /* 시각.swift */,
				6923EBD3287A9ED90089BA7A /* 왕실의 나이트.swift */,
				6923EBD4287ACB060089BA7A /* 게임 개발.swift */,
			);
			name = "이코테";
			path = "이코테";
			sourceTree = "<group>";
		};
/* End PBXGroup section */

/* Begin PBXNativeTarget section */
		69053B8C2836974600EB3B58 /* AlgorithmPS */ = {
			isa = PBXNativeTarget;
			buildConfigurationList = 69053B942836974600EB3B58 /* Build configuration list for PBXNativeTarget "AlgorithmPS" */;
			buildPhases = (
				69053B892836974600EB3B58 /* Sources */,
				69053B8A2836974600EB3B58 /* Frameworks */,
				69053B8B2836974600EB3B58 /* CopyFiles */,
			);
			buildRules = (
			);
			dependencies = (
			);
			name = AlgorithmPS;
			packageProductDependencies = (
				69053BA1283A106500EB3B58 /* Collections */,
				69053BA3283A106500EB3B58 /* DequeModule */,
				69053BA5283A106500EB3B58 /* OrderedCollections */,
			);
			productName = AlgorithmPS;
			productReference = 69053B8D2836974600EB3B58 /* AlgorithmPS */;
			productType = "com.apple.product-type.tool";
		};
/* End PBXNativeTarget section */

/* Begin PBXProject section */
		69053B852836974600EB3B58 /* Project object */ = {
			isa = PBXProject;
			attributes = {
				BuildIndependentTargetsInParallel = 1;
				LastSwiftUpdateCheck = 1340;
				LastUpgradeCheck = 1340;
				TargetAttributes = {
					69053B8C2836974600EB3B58 = {
						CreatedOnToolsVersion = 13.4;
						LastSwiftMigration = 1340;
					};
				};
			};
			buildConfigurationList = 69053B882836974600EB3B58 /* Build configuration list for PBXProject "AlgorithmPS" */;
			compatibilityVersion = "Xcode 13.0";
			developmentRegion = en;
			hasScannedForEncodings = 0;
			knownRegions = (
				en,
				Base,
			);
			mainGroup = 69053B842836974600EB3B58;
			packageReferences = (
				69053BA0283A106500EB3B58 /* XCRemoteSwiftPackageReference "swift-collections" */,
			);
			productRefGroup = 69053B8E2836974600EB3B58 /* Products */;
			projectDirPath = "";
			projectRoot = "";
			targets = (
				69053B8C2836974600EB3B58 /* AlgorithmPS */,
			);
		};
/* End PBXProject section */

/* Begin PBXSourcesBuildPhase section */
		69053B892836974600EB3B58 /* Sources */ = {
			isa = PBXSourcesBuildPhase;
			buildActionMask = 2147483647;
			files = (
				69053BC5283FCD4900EB3B58 /* main.swift in Sources */,
			);
			runOnlyForDeploymentPostprocessing = 0;
		};
/* End PBXSourcesBuildPhase section */

/* Begin XCBuildConfiguration section */
		69053B922836974600EB3B58 /* Debug */ = {
			isa = XCBuildConfiguration;
			buildSettings = {
				ALWAYS_SEARCH_USER_PATHS = NO;
				CLANG_ANALYZER_NONNULL = YES;
				CLANG_ANALYZER_NUMBER_OBJECT_CONVERSION = YES_AGGRESSIVE;
				CLANG_CXX_LANGUAGE_STANDARD = "gnu++17";
				CLANG_ENABLE_MODULES = YES;
				CLANG_ENABLE_OBJC_ARC = YES;
				CLANG_ENABLE_OBJC_WEAK = YES;
				CLANG_WARN_BLOCK_CAPTURE_AUTORELEASING = YES;
				CLANG_WARN_BOOL_CONVERSION = YES;
				CLANG_WARN_COMMA = YES;
				CLANG_WARN_CONSTANT_CONVERSION = YES;
				CLANG_WARN_DEPRECATED_OBJC_IMPLEMENTATIONS = YES;
				CLANG_WARN_DIRECT_OBJC_ISA_USAGE = YES_ERROR;
				CLANG_WARN_DOCUMENTATION_COMMENTS = YES;
				CLANG_WARN_EMPTY_BODY = YES;
				CLANG_WARN_ENUM_CONVERSION = YES;
				CLANG_WARN_INFINITE_RECURSION = YES;
				CLANG_WARN_INT_CONVERSION = YES;
				CLANG_WARN_NON_LITERAL_NULL_CONVERSION = YES;
				CLANG_WARN_OBJC_IMPLICIT_RETAIN_SELF = YES;
				CLANG_WARN_OBJC_LITERAL_CONVERSION = YES;
				CLANG_WARN_OBJC_ROOT_CLASS = YES_ERROR;
				CLANG_WARN_QUOTED_INCLUDE_IN_FRAMEWORK_HEADER = YES;
				CLANG_WARN_RANGE_LOOP_ANALYSIS = YES;
				CLANG_WARN_STRICT_PROTOTYPES = YES;
				CLANG_WARN_SUSPICIOUS_MOVE = YES;
				CLANG_WARN_UNGUARDED_AVAILABILITY = YES_AGGRESSIVE;
				CLANG_WARN_UNREACHABLE_CODE = YES;
				CLANG_WARN__DUPLICATE_METHOD_MATCH = YES;
				COPY_PHASE_STRIP = NO;
				DEBUG_INFORMATION_FORMAT = dwarf;
				ENABLE_STRICT_OBJC_MSGSEND = YES;
				ENABLE_TESTABILITY = YES;
				GCC_C_LANGUAGE_STANDARD = gnu11;
				GCC_DYNAMIC_NO_PIC = NO;
				GCC_NO_COMMON_BLOCKS = YES;
				GCC_OPTIMIZATION_LEVEL = 0;
				GCC_PREPROCESSOR_DEFINITIONS = (
					"DEBUG=1",
					"$(inherited)",
				);
				GCC_WARN_64_TO_32_BIT_CONVERSION = YES;
				GCC_WARN_ABOUT_RETURN_TYPE = YES_ERROR;
				GCC_WARN_UNDECLARED_SELECTOR = YES;
				GCC_WARN_UNINITIALIZED_AUTOS = YES_AGGRESSIVE;
				GCC_WARN_UNUSED_FUNCTION = YES;
				GCC_WARN_UNUSED_VARIABLE = YES;
				MACOSX_DEPLOYMENT_TARGET = 12.3;
				MTL_ENABLE_DEBUG_INFO = INCLUDE_SOURCE;
				MTL_FAST_MATH = YES;
				ONLY_ACTIVE_ARCH = YES;
				SDKROOT = macosx;
				SWIFT_ACTIVE_COMPILATION_CONDITIONS = DEBUG;
				SWIFT_OPTIMIZATION_LEVEL = "-Onone";
			};
			name = Debug;
		};
		69053B932836974600EB3B58 /* Release */ = {
			isa = XCBuildConfiguration;
			buildSettings = {
				ALWAYS_SEARCH_USER_PATHS = NO;
				CLANG_ANALYZER_NONNULL = YES;
				CLANG_ANALYZER_NUMBER_OBJECT_CONVERSION = YES_AGGRESSIVE;
				CLANG_CXX_LANGUAGE_STANDARD = "gnu++17";
				CLANG_ENABLE_MODULES = YES;
				CLANG_ENABLE_OBJC_ARC = YES;
				CLANG_ENABLE_OBJC_WEAK = YES;
				CLANG_WARN_BLOCK_CAPTURE_AUTORELEASING = YES;
				CLANG_WARN_BOOL_CONVERSION = YES;
				CLANG_WARN_COMMA = YES;
				CLANG_WARN_CONSTANT_CONVERSION = YES;
				CLANG_WARN_DEPRECATED_OBJC_IMPLEMENTATIONS = YES;
				CLANG_WARN_DIRECT_OBJC_ISA_USAGE = YES_ERROR;
				CLANG_WARN_DOCUMENTATION_COMMENTS = YES;
				CLANG_WARN_EMPTY_BODY = YES;
				CLANG_WARN_ENUM_CONVERSION = YES;
				CLANG_WARN_INFINITE_RECURSION = YES;
				CLANG_WARN_INT_CONVERSION = YES;
				CLANG_WARN_NON_LITERAL_NULL_CONVERSION = YES;
				CLANG_WARN_OBJC_IMPLICIT_RETAIN_SELF = YES;
				CLANG_WARN_OBJC_LITERAL_CONVERSION = YES;
				CLANG_WARN_OBJC_ROOT_CLASS = YES_ERROR;
				CLANG_WARN_QUOTED_INCLUDE_IN_FRAMEWORK_HEADER = YES;
				CLANG_WARN_RANGE_LOOP_ANALYSIS = YES;
				CLANG_WARN_STRICT_PROTOTYPES = YES;
				CLANG_WARN_SUSPICIOUS_MOVE = YES;
				CLANG_WARN_UNGUARDED_AVAILABILITY = YES_AGGRESSIVE;
				CLANG_WARN_UNREACHABLE_CODE = YES;
				CLANG_WARN__DUPLICATE_METHOD_MATCH = YES;
				COPY_PHASE_STRIP = NO;
				DEBUG_INFORMATION_FORMAT = "dwarf-with-dsym";
				ENABLE_NS_ASSERTIONS = NO;
				ENABLE_STRICT_OBJC_MSGSEND = YES;
				GCC_C_LANGUAGE_STANDARD = gnu11;
				GCC_NO_COMMON_BLOCKS = YES;
				GCC_WARN_64_TO_32_BIT_CONVERSION = YES;
				GCC_WARN_ABOUT_RETURN_TYPE = YES_ERROR;
				GCC_WARN_UNDECLARED_SELECTOR = YES;
				GCC_WARN_UNINITIALIZED_AUTOS = YES_AGGRESSIVE;
				GCC_WARN_UNUSED_FUNCTION = YES;
				GCC_WARN_UNUSED_VARIABLE = YES;
				MACOSX_DEPLOYMENT_TARGET = 12.3;
				MTL_ENABLE_DEBUG_INFO = NO;
				MTL_FAST_MATH = YES;
				SDKROOT = macosx;
				SWIFT_COMPILATION_MODE = wholemodule;
				SWIFT_OPTIMIZATION_LEVEL = "-O";
			};
			name = Release;
		};
		69053B952836974600EB3B58 /* Debug */ = {
			isa = XCBuildConfiguration;
			buildSettings = {
				CLANG_ENABLE_MODULES = YES;
				CODE_SIGN_IDENTITY = "-";
				CODE_SIGN_STYLE = Automatic;
				LD_RUNPATH_SEARCH_PATHS = (
					"$(inherited)",
					"@executable_path/../Frameworks",
					"@loader_path/../Frameworks",
				);
				PRODUCT_NAME = "$(TARGET_NAME)";
				SWIFT_OBJC_BRIDGING_HEADER = "AlgorithmPS-Bridging-Header.h";
				SWIFT_OPTIMIZATION_LEVEL = "-Onone";
				SWIFT_VERSION = 5.0;
			};
			name = Debug;
		};
		69053B962836974600EB3B58 /* Release */ = {
			isa = XCBuildConfiguration;
			buildSettings = {
				CLANG_ENABLE_MODULES = YES;
				CODE_SIGN_IDENTITY = "-";
				CODE_SIGN_STYLE = Automatic;
				LD_RUNPATH_SEARCH_PATHS = (
					"$(inherited)",
					"@executable_path/../Frameworks",
					"@loader_path/../Frameworks",
				);
				PRODUCT_NAME = "$(TARGET_NAME)";
				SWIFT_OBJC_BRIDGING_HEADER = "AlgorithmPS-Bridging-Header.h";
				SWIFT_VERSION = 5.0;
			};
			name = Release;
		};
/* End XCBuildConfiguration section */

/* Begin XCConfigurationList section */
		69053B882836974600EB3B58 /* Build configuration list for PBXProject "AlgorithmPS" */ = {
			isa = XCConfigurationList;
			buildConfigurations = (
				69053B922836974600EB3B58 /* Debug */,
				69053B932836974600EB3B58 /* Release */,
			);
			defaultConfigurationIsVisible = 0;
			defaultConfigurationName = Release;
		};
		69053B942836974600EB3B58 /* Build configuration list for PBXNativeTarget "AlgorithmPS" */ = {
			isa = XCConfigurationList;
			buildConfigurations = (
				69053B952836974600EB3B58 /* Debug */,
				69053B962836974600EB3B58 /* Release */,
			);
			defaultConfigurationIsVisible = 0;
			defaultConfigurationName = Release;
		};
/* End XCConfigurationList section */

/* Begin XCRemoteSwiftPackageReference section */
		69053BA0283A106500EB3B58 /* XCRemoteSwiftPackageReference "swift-collections" */ = {
			isa = XCRemoteSwiftPackageReference;
			repositoryURL = "https://github.com/apple/swift-collections.git";
			requirement = {
				kind = upToNextMajorVersion;
				minimumVersion = 1.0.0;
			};
		};
/* End XCRemoteSwiftPackageReference section */

/* Begin XCSwiftPackageProductDependency section */
		69053BA1283A106500EB3B58 /* Collections */ = {
			isa = XCSwiftPackageProductDependency;
			package = 69053BA0283A106500EB3B58 /* XCRemoteSwiftPackageReference "swift-collections" */;
			productName = Collections;
		};
		69053BA3283A106500EB3B58 /* DequeModule */ = {
			isa = XCSwiftPackageProductDependency;
			package = 69053BA0283A106500EB3B58 /* XCRemoteSwiftPackageReference "swift-collections" */;
			productName = DequeModule;
		};
		69053BA5283A106500EB3B58 /* OrderedCollections */ = {
			isa = XCSwiftPackageProductDependency;
			package = 69053BA0283A106500EB3B58 /* XCRemoteSwiftPackageReference "swift-collections" */;
			productName = OrderedCollections;
		};
/* End XCSwiftPackageProductDependency section */
	};
	rootObject = 69053B852836974600EB3B58 /* Project object */;
}
